
Microsoft Visual Studio Solution File, Format Version 12.00
# Visual Studio Version 17
VisualStudioVersion = 17.4.32804.182
MinimumVisualStudioVersion = 10.0.40219.1
Project("{9A19103F-16F7-4668-BE54-9A1E7A4F7556}") = "JonDJones.Net6.StarterKit", "JonDJones.Net6.StarterKit.csproj", "{DCD3EBA9-D8EF-4DA3-AFC7-A4811D119CFA}"
EndProject
Project("{2150E333-8FDC-42A3-9474-1A3956D46DE8}") = "Resources", "Resources", "{EEB363AF-EFE5-4890-A8C1-8D391AAE40FC}"
	ProjectSection(SolutionItems) = preProject
		.gitignore = .gitignore
		README.md = README.md
	EndProjectSection
EndProject
Global
	GlobalSection(SolutionConfigurationPlatforms) = preSolution
		Debug|Any CPU = Debug|Any CPU
		Release|Any CPU = Release|Any CPU
	EndGlobalSection
	GlobalSection(ProjectConfigurationPlatforms) = postSolution
		{DCD3EBA9-D8EF-4DA3-AFC7-A4811D119CFA}.Debug|Any CPU.ActiveCfg = Debug|Any CPU
		{DCD3EBA9-D8EF-4DA3-AFC7-A4811D119CFA}.Debug|Any CPU.Build.0 = Debug|Any CPU
		{DCD3EBA9-D8EF-4DA3-AFC7-A4811D119CFA}.Release|Any CPU.ActiveCfg = Release|Any CPU
		{DCD3EBA9-D8EF-4DA3-AFC7-A4811D119CFA}.Release|Any CPU.Build.0 = Release|Any CPU
	EndGlobalSection
	GlobalSection(SolutionProperties) = preSolution
		HideSolutionNode = FALSE
	EndGlobalSection
	GlobalSection(ExtensibilityGlobals) = postSolution
		SolutionGuid = {4353F859-5430-4769-9FA4-C419289D6F6D}
	EndGlobalSection
EndGlobal
